
Microsoft Visual Studio Solution File, Format Version 12.00
# Visual Studio Version 17
VisualStudioVersion = 17.4.33213.308
MinimumVisualStudioVersion = 10.0.40219.1
Project("{FAE04EC0-301F-11D3-BF4B-00C04F79EFBC}") = "WPF2024_CurrencyConverter_Static", "WPF2024_CurrencyConverter_Static\WPF2024_CurrencyConverter_Static.csproj", "{9511DF9F-A307-4209-B65C-232481C882D7}"
EndProject
Global
	GlobalSection(SolutionConfigurationPlatforms) = preSolution
		Debug|Any CPU = Debug|Any CPU
		Release|Any CPU = Release|Any CPU
	EndGlobalSection
	GlobalSection(ProjectConfigurationPlatforms) = postSolution
		{9511DF9F-A307-4209-B65C-232481C882D7}.Debug|Any CPU.ActiveCfg = Debug|Any CPU
		{9511DF9F-A307-4209-B65C-232481C882D7}.Debug|Any CPU.Build.0 = Debug|Any CPU
		{9511DF9F-A307-4209-B65C-232481C882D7}.Release|Any CPU.ActiveCfg = Release|Any CPU
		{9511DF9F-A307-4209-B65C-232481C882D7}.Release|Any CPU.Build.0 = Release|Any CPU
	EndGlobalSection
	GlobalSection(SolutionProperties) = preSolution
		HideSolutionNode = FALSE
	EndGlobalSection
	GlobalSection(ExtensibilityGlobals) = postSolution
		SolutionGuid = {626BA2CE-B395-438D-919F-B10321DC7BD9}
	EndGlobalSection
EndGlobal
